
Microsoft Visual Studio Solution File, Format Version 12.00
# Visual Studio Version 16
VisualStudioVersion = 16.0.31702.278
MinimumVisualStudioVersion = 10.0.40219.1
Project("{FAE04EC0-301F-11D3-BF4B-00C04F79EFBC}") = "Travel_Experts", "Travel_Experts\Travel_Experts.csproj", "{A0FE94F3-B96A-4D66-8690-22D109C9D41C}"
EndProject
Global
	GlobalSection(SolutionConfigurationPlatforms) = preSolution
		Debug|Any CPU = Debug|Any CPU
		Release|Any CPU = Release|Any CPU
	EndGlobalSection
	GlobalSection(ProjectConfigurationPlatforms) = postSolution
		{A0FE94F3-B96A-4D66-8690-22D109C9D41C}.Debug|Any CPU.ActiveCfg = Debug|Any CPU
		{A0FE94F3-B96A-4D66-8690-22D109C9D41C}.Debug|Any CPU.Build.0 = Debug|Any CPU
		{A0FE94F3-B96A-4D66-8690-22D109C9D41C}.Release|Any CPU.ActiveCfg = Release|Any CPU
		{A0FE94F3-B96A-4D66-8690-22D109C9D41C}.Release|Any CPU.Build.0 = Release|Any CPU
	EndGlobalSection
	GlobalSection(SolutionProperties) = preSolution
		HideSolutionNode = FALSE
	EndGlobalSection
	GlobalSection(ExtensibilityGlobals) = postSolution
		SolutionGuid = {F67F2E26-D5CB-444D-AF60-080BEE80957B}
	EndGlobalSection
EndGlobal
